
Microsoft Visual Studio Solution File, Format Version 12.00
# Visual Studio 15
VisualStudioVersion = 15.0.26403.7
MinimumVisualStudioVersion = 10.0.40219.1
Project("{8BC9CEB8-8B4A-11D0-8D11-00A0C91BC942}") = "Game", "Game\Game.vcxproj", "{433958A8-8779-4883-94E3-5D4E9C1EF030}"
	ProjectSection(ProjectDependencies) = postProject
		{98D6B51B-CB0A-4389-ADC6-24082B967C3F} = {98D6B51B-CB0A-4389-ADC6-24082B967C3F}
		{B557CEC9-3852-40A3-B675-0A7FB9F68402} = {B557CEC9-3852-40A3-B675-0A7FB9F68402}
		{BD9C16DB-0EF5-414E-A475-C0031A73706D} = {BD9C16DB-0EF5-414E-A475-C0031A73706D}
	EndProjectSection
EndProject
Project("{8BC9CEB8-8B4A-11D0-8D11-00A0C91BC942}") = "Graphics", "Graphics\Graphics.vcxproj", "{BD9C16DB-0EF5-414E-A475-C0031A73706D}"
EndProject
Project("{8BC9CEB8-8B4A-11D0-8D11-00A0C91BC942}") = "Physics", "Physics\Physics.vcxproj", "{B557CEC9-3852-40A3-B675-0A7FB9F68402}"
EndProject
Project("{8BC9CEB8-8B4A-11D0-8D11-00A0C91BC942}") = "Resource Management", "Resource Management\Resource Management.vcxproj", "{780389C7-259E-4B69-9069-363FCBD2D581}"
EndProject
Project("{8BC9CEB8-8B4A-11D0-8D11-00A0C91BC942}") = "Human Interface", "Human Interface\Human Interface.vcxproj", "{B481D637-BC4B-4687-BD5A-3372FCEBB1B1}"
EndProject
Project("{8BC9CEB8-8B4A-11D0-8D11-00A0C91BC942}") = "Audio", "Audio\Audio.vcxproj", "{5B711559-3B6D-4F53-98A9-E4146A96BE7F}"
EndProject
Project("{8BC9CEB8-8B4A-11D0-8D11-00A0C91BC942}") = "Profiling", "Profiling\Profiling.vcxproj", "{CCEECA3F-E25F-49C1-8BAA-080F51C0BF6C}"
EndProject
Project("{8BC9CEB8-8B4A-11D0-8D11-00A0C91BC942}") = "File", "File\File.vcxproj", "{C2761902-76FF-4FF2-B52C-626A7DEB584F}"
EndProject
Project("{2150E333-8FDC-42A3-9474-1A3956D46DE8}") = "Middleware", "Middleware", "{2A7F660A-C76F-430E-BB12-D5F6C548CE00}"
EndProject
Project("{8BC9CEB8-8B4A-11D0-8D11-00A0C91BC942}") = "nclgl", "Middleware\Graphics\nclgl\nclgl.vcxproj", "{98D6B51B-CB0A-4389-ADC6-24082B967C3F}"
EndProject
Project("{8BC9CEB8-8B4A-11D0-8D11-00A0C91BC942}") = "Box2D", "Middleware\Physics\Box2D\Build\vs2017\Box2D.vcxproj", "{A434E80C-1049-10BE-D9CA-B31D459E0CEF}"
EndProject
Global
	GlobalSection(SolutionConfigurationPlatforms) = preSolution
		Debug|x64 = Debug|x64
		Debug|x86 = Debug|x86
		Release|x64 = Release|x64
		Release|x86 = Release|x86
	EndGlobalSection
	GlobalSection(ProjectConfigurationPlatforms) = postSolution
		{433958A8-8779-4883-94E3-5D4E9C1EF030}.Debug|x64.ActiveCfg = Debug|x64
		{433958A8-8779-4883-94E3-5D4E9C1EF030}.Debug|x64.Build.0 = Debug|x64
		{433958A8-8779-4883-94E3-5D4E9C1EF030}.Debug|x86.ActiveCfg = Debug|Win32
		{433958A8-8779-4883-94E3-5D4E9C1EF030}.Debug|x86.Build.0 = Debug|Win32
		{433958A8-8779-4883-94E3-5D4E9C1EF030}.Release|x64.ActiveCfg = Release|x64
		{433958A8-8779-4883-94E3-5D4E9C1EF030}.Release|x64.Build.0 = Release|x64
		{433958A8-8779-4883-94E3-5D4E9C1EF030}.Release|x86.ActiveCfg = Release|Win32
		{433958A8-8779-4883-94E3-5D4E9C1EF030}.Release|x86.Build.0 = Release|Win32
		{BD9C16DB-0EF5-414E-A475-C0031A73706D}.Debug|x64.ActiveCfg = Debug|x64
		{BD9C16DB-0EF5-414E-A475-C0031A73706D}.Debug|x64.Build.0 = Debug|x64
		{BD9C16DB-0EF5-414E-A475-C0031A73706D}.Debug|x86.ActiveCfg = Debug|Win32
		{BD9C16DB-0EF5-414E-A475-C0031A73706D}.Debug|x86.Build.0 = Debug|Win32
		{BD9C16DB-0EF5-414E-A475-C0031A73706D}.Release|x64.ActiveCfg = Release|x64
		{BD9C16DB-0EF5-414E-A475-C0031A73706D}.Release|x64.Build.0 = Release|x64
		{BD9C16DB-0EF5-414E-A475-C0031A73706D}.Release|x86.ActiveCfg = Release|Win32
		{BD9C16DB-0EF5-414E-A475-C0031A73706D}.Release|x86.Build.0 = Release|Win32
		{B557CEC9-3852-40A3-B675-0A7FB9F68402}.Debug|x64.ActiveCfg = Debug|x64
		{B557CEC9-3852-40A3-B675-0A7FB9F68402}.Debug|x64.Build.0 = Debug|x64
		{B557CEC9-3852-40A3-B675-0A7FB9F68402}.Debug|x86.ActiveCfg = Debug|Win32
		{B557CEC9-3852-40A3-B675-0A7FB9F68402}.Debug|x86.Build.0 = Debug|Win32
		{B557CEC9-3852-40A3-B675-0A7FB9F68402}.Release|x64.ActiveCfg = Release|x64
		{B557CEC9-3852-40A3-B675-0A7FB9F68402}.Release|x64.Build.0 = Release|x64
		{B557CEC9-3852-40A3-B675-0A7FB9F68402}.Release|x86.ActiveCfg = Release|Win32
		{B557CEC9-3852-40A3-B675-0A7FB9F68402}.Release|x86.Build.0 = Release|Win32
		{780389C7-259E-4B69-9069-363FCBD2D581}.Debug|x64.ActiveCfg = Debug|x64
		{780389C7-259E-4B69-9069-363FCBD2D581}.Debug|x64.Build.0 = Debug|x64
		{780389C7-259E-4B69-9069-363FCBD2D581}.Debug|x86.ActiveCfg = Debug|Win32
		{780389C7-259E-4B69-9069-363FCBD2D581}.Debug|x86.Build.0 = Debug|Win32
		{780389C7-259E-4B69-9069-363FCBD2D581}.Release|x64.ActiveCfg = Release|x64
		{780389C7-259E-4B69-9069-363FCBD2D581}.Release|x64.Build.0 = Release|x64
		{780389C7-259E-4B69-9069-363FCBD2D581}.Release|x86.ActiveCfg = Release|Win32
		{780389C7-259E-4B69-9069-363FCBD2D581}.Release|x86.Build.0 = Release|Win32
		{B481D637-BC4B-4687-BD5A-3372FCEBB1B1}.Debug|x64.ActiveCfg = Debug|x64
		{B481D637-BC4B-4687-BD5A-3372FCEBB1B1}.Debug|x64.Build.0 = Debug|x64
		{B481D637-BC4B-4687-BD5A-3372FCEBB1B1}.Debug|x86.ActiveCfg = Debug|Win32
		{B481D637-BC4B-4687-BD5A-3372FCEBB1B1}.Debug|x86.Build.0 = Debug|Win32
		{B481D637-BC4B-4687-BD5A-3372FCEBB1B1}.Release|x64.ActiveCfg = Release|x64
		{B481D637-BC4B-4687-BD5A-3372FCEBB1B1}.Release|x64.Build.0 = Release|x64
		{B481D637-BC4B-4687-BD5A-3372FCEBB1B1}.Release|x86.ActiveCfg = Release|Win32
		{B481D637-BC4B-4687-BD5A-3372FCEBB1B1}.Release|x86.Build.0 = Release|Win32
		{5B711559-3B6D-4F53-98A9-E4146A96BE7F}.Debug|x64.ActiveCfg = Debug|x64
		{5B711559-3B6D-4F53-98A9-E4146A96BE7F}.Debug|x64.Build.0 = Debug|x64
		{5B711559-3B6D-4F53-98A9-E4146A96BE7F}.Debug|x86.ActiveCfg = Debug|Win32
		{5B711559-3B6D-4F53-98A9-E4146A96BE7F}.Debug|x86.Build.0 = Debug|Win32
		{5B711559-3B6D-4F53-98A9-E4146A96BE7F}.Release|x64.ActiveCfg = Release|x64
		{5B711559-3B6D-4F53-98A9-E4146A96BE7F}.Release|x64.Build.0 = Release|x64
		{5B711559-3B6D-4F53-98A9-E4146A96BE7F}.Release|x86.ActiveCfg = Release|Win32
		{5B711559-3B6D-4F53-98A9-E4146A96BE7F}.Release|x86.Build.0 = Release|Win32
		{CCEECA3F-E25F-49C1-8BAA-080F51C0BF6C}.Debug|x64.ActiveCfg = Debug|x64
		{CCEECA3F-E25F-49C1-8BAA-080F51C0BF6C}.Debug|x64.Build.0 = Debug|x64
		{CCEECA3F-E25F-49C1-8BAA-080F51C0BF6C}.Debug|x86.ActiveCfg = Debug|Win32
		{CCEECA3F-E25F-49C1-8BAA-080F51C0BF6C}.Debug|x86.Build.0 = Debug|Win32
		{CCEECA3F-E25F-49C1-8BAA-080F51C0BF6C}.Release|x64.ActiveCfg = Release|x64
		{CCEECA3F-E25F-49C1-8BAA-080F51C0BF6C}.Release|x64.Build.0 = Release|x64
		{CCEECA3F-E25F-49C1-8BAA-080F51C0BF6C}.Release|x86.ActiveCfg = Release|Win32
		{CCEECA3F-E25F-49C1-8BAA-080F51C0BF6C}.Release|x86.Build.0 = Release|Win32
		{C2761902-76FF-4FF2-B52C-626A7DEB584F}.Debug|x64.ActiveCfg = Debug|x64
		{C2761902-76FF-4FF2-B52C-626A7DEB584F}.Debug|x64.Build.0 = Debug|x64
		{C2761902-76FF-4FF2-B52C-626A7DEB584F}.Debug|x86.ActiveCfg = Debug|Win32
		{C2761902-76FF-4FF2-B52C-626A7DEB584F}.Debug|x86.Build.0 = Debug|Win32
		{C2761902-76FF-4FF2-B52C-626A7DEB584F}.Release|x64.ActiveCfg = Release|x64
		{C2761902-76FF-4FF2-B52C-626A7DEB584F}.Release|x64.Build.0 = Release|x64
		{C2761902-76FF-4FF2-B52C-626A7DEB584F}.Release|x86.ActiveCfg = Release|Win32
		{C2761902-76FF-4FF2-B52C-626A7DEB584F}.Release|x86.Build.0 = Release|Win32
		{98D6B51B-CB0A-4389-ADC6-24082B967C3F}.Debug|x64.ActiveCfg = Debug|x64
		{98D6B51B-CB0A-4389-ADC6-24082B967C3F}.Debug|x64.Build.0 = Debug|x64
		{98D6B51B-CB0A-4389-ADC6-24082B967C3F}.Debug|x64.Deploy.0 = Debug|x64
		{98D6B51B-CB0A-4389-ADC6-24082B967C3F}.Debug|x86.ActiveCfg = Debug|Win32
		{98D6B51B-CB0A-4389-ADC6-24082B967C3F}.Debug|x86.Build.0 = Debug|Win32
		{98D6B51B-CB0A-4389-ADC6-24082B967C3F}.Debug|x86.Deploy.0 = Debug|Win32
		{98D6B51B-CB0A-4389-ADC6-24082B967C3F}.Release|x64.ActiveCfg = Release|x64
		{98D6B51B-CB0A-4389-ADC6-24082B967C3F}.Release|x64.Build.0 = Release|x64
		{98D6B51B-CB0A-4389-ADC6-24082B967C3F}.Release|x64.Deploy.0 = Release|x64
		{98D6B51B-CB0A-4389-ADC6-24082B967C3F}.Release|x86.ActiveCfg = Release|Win32
		{98D6B51B-CB0A-4389-ADC6-24082B967C3F}.Release|x86.Build.0 = Release|Win32
		{98D6B51B-CB0A-4389-ADC6-24082B967C3F}.Release|x86.Deploy.0 = Release|Win32
		{A434E80C-1049-10BE-D9CA-B31D459E0CEF}.Debug|x64.ActiveCfg = Debug|x64
		{A434E80C-1049-10BE-D9CA-B31D459E0CEF}.Debug|x64.Build.0 = Debug|x64
		{A434E80C-1049-10BE-D9CA-B31D459E0CEF}.Debug|x86.ActiveCfg = Debug|x64
		{A434E80C-1049-10BE-D9CA-B31D459E0CEF}.Release|x64.ActiveCfg = Release|x64
		{A434E80C-1049-10BE-D9CA-B31D459E0CEF}.Release|x64.Build.0 = Release|x64
		{A434E80C-1049-10BE-D9CA-B31D459E0CEF}.Release|x86.ActiveCfg = Release|x64
	EndGlobalSection
	GlobalSection(SolutionProperties) = preSolution
		HideSolutionNode = FALSE
	EndGlobalSection
	GlobalSection(NestedProjects) = preSolution
		{98D6B51B-CB0A-4389-ADC6-24082B967C3F} = {2A7F660A-C76F-430E-BB12-D5F6C548CE00}
		{A434E80C-1049-10BE-D9CA-B31D459E0CEF} = {2A7F660A-C76F-430E-BB12-D5F6C548CE00}
	EndGlobalSection
EndGlobal
